
Microsoft Visual Studio Solution File, Format Version 12.00
# Visual Studio Version 16
VisualStudioVersion = 16.0.34931.43
MinimumVisualStudioVersion = 10.0.40219.1
Project("{FAE04EC0-301F-11D3-BF4B-00C04F79EFBC}") = "account.cs", "account.cs\account.cs.csproj", "{653A39FA-F00B-4380-911E-5249FB3F9628}"
EndProject
Global
	GlobalSection(SolutionConfigurationPlatforms) = preSolution
		Debug|Any CPU = Debug|Any CPU
		Release|Any CPU = Release|Any CPU
	EndGlobalSection
	GlobalSection(ProjectConfigurationPlatforms) = postSolution
		{653A39FA-F00B-4380-911E-5249FB3F9628}.Debug|Any CPU.ActiveCfg = Debug|Any CPU
		{653A39FA-F00B-4380-911E-5249FB3F9628}.Debug|Any CPU.Build.0 = Debug|Any CPU
		{653A39FA-F00B-4380-911E-5249FB3F9628}.Release|Any CPU.ActiveCfg = Release|Any CPU
		{653A39FA-F00B-4380-911E-5249FB3F9628}.Release|Any CPU.Build.0 = Release|Any CPU
	EndGlobalSection
	GlobalSection(SolutionProperties) = preSolution
		HideSolutionNode = FALSE
	EndGlobalSection
	GlobalSection(ExtensibilityGlobals) = postSolution
		SolutionGuid = {79B37991-AFCB-4CA7-A39E-130536B1B949}
	EndGlobalSection
EndGlobal
