
Microsoft Visual Studio Solution File, Format Version 12.00
# Visual Studio Version 16
VisualStudioVersion = 16.0.34931.43
MinimumVisualStudioVersion = 10.0.40219.1
Project("{FAE04EC0-301F-11D3-BF4B-00C04F79EFBC}") = "cc9", "cc9\cc9.csproj", "{A495AA37-6589-40F0-95A2-0B6AE4DD7769}"
EndProject
Global
	GlobalSection(SolutionConfigurationPlatforms) = preSolution
		Debug|Any CPU = Debug|Any CPU
		Release|Any CPU = Release|Any CPU
	EndGlobalSection
	GlobalSection(ProjectConfigurationPlatforms) = postSolution
		{A495AA37-6589-40F0-95A2-0B6AE4DD7769}.Debug|Any CPU.ActiveCfg = Debug|Any CPU
		{A495AA37-6589-40F0-95A2-0B6AE4DD7769}.Debug|Any CPU.Build.0 = Debug|Any CPU
		{A495AA37-6589-40F0-95A2-0B6AE4DD7769}.Release|Any CPU.ActiveCfg = Release|Any CPU
		{A495AA37-6589-40F0-95A2-0B6AE4DD7769}.Release|Any CPU.Build.0 = Release|Any CPU
	EndGlobalSection
	GlobalSection(SolutionProperties) = preSolution
		HideSolutionNode = FALSE
	EndGlobalSection
	GlobalSection(ExtensibilityGlobals) = postSolution
		SolutionGuid = {08EA82AE-8A09-44C6-A1FC-43F57102F144}
	EndGlobalSection
EndGlobal
