
Microsoft Visual Studio Solution File, Format Version 12.00
# Visual Studio Version 16
VisualStudioVersion = 16.0.34931.43
MinimumVisualStudioVersion = 10.0.40219.1
Project("{FAE04EC0-301F-11D3-BF4B-00C04F79EFBC}") = "customer.cs", "customer.cs\customer.cs.csproj", "{77A36B99-7D98-4E2A-B667-F4595AD6CB70}"
EndProject
Global
	GlobalSection(SolutionConfigurationPlatforms) = preSolution
		Debug|Any CPU = Debug|Any CPU
		Release|Any CPU = Release|Any CPU
	EndGlobalSection
	GlobalSection(ProjectConfigurationPlatforms) = postSolution
		{77A36B99-7D98-4E2A-B667-F4595AD6CB70}.Debug|Any CPU.ActiveCfg = Debug|Any CPU
		{77A36B99-7D98-4E2A-B667-F4595AD6CB70}.Debug|Any CPU.Build.0 = Debug|Any CPU
		{77A36B99-7D98-4E2A-B667-F4595AD6CB70}.Release|Any CPU.ActiveCfg = Release|Any CPU
		{77A36B99-7D98-4E2A-B667-F4595AD6CB70}.Release|Any CPU.Build.0 = Release|Any CPU
	EndGlobalSection
	GlobalSection(SolutionProperties) = preSolution
		HideSolutionNode = FALSE
	EndGlobalSection
	GlobalSection(ExtensibilityGlobals) = postSolution
		SolutionGuid = {79D0858E-26C2-4752-95C3-87EDC54D5BCE}
	EndGlobalSection
EndGlobal
